{
  "version": 1,
  "dependencies": {
    "net10.0": {
      "Microsoft.NET.ILLink.Tasks": {
        "type": "Direct",
        "requested": "[10.0.9, )",
        "resolved": "10.0.9",
        "contentHash": "4Iw41e2h7I4t70SJcX2GCmbyKJIlA273Cfm9RJMM050/3VBejGAG1KcthP5Z2L6SQcbfbf6BhNWO26+ZG+GzMg=="
      },
      "Microsoft.NET.Sdk.WebAssembly.Pack": {
        "type": "Direct",
        "requested": "[10.0.11, )",
        "resolved": "10.0.11",
        "contentHash": "vI5/681Ld3dnYch2wCH+8cDc3PXIgfaJhjCHTUmCtm2tu92T71iY3shZHM3BeLPDFv9G7Nq/gS5hrlghPG+MXg=="
      },
      "rekall.age.core": {
        "type": "Project"
      },
      "rekall.age.rendering.abstractions": {
        "type": "Project",
        "dependencies": {
          "Rekall.Age.World": "[0.1.0-preview.1, )"
        }
      },
      "rekall.age.world": {
        "type": "Project",
        "dependencies": {
          "Rekall.Age.Core": "[0.1.0-preview.1, )"
        }
      }
    },
    "net10.0/browser-wasm": {}
  }
}