
Microsoft Visual Studio Solution File, Format Version 12.00
# Visual Studio Version 17
VisualStudioVersion = 17.0.31903.59
MinimumVisualStudioVersion = 10.0.40219.1
Project("{2150E333-8FDC-42A3-9474-1A3956D46DE8}") = "src", "src", "{827E0CD3-B72D-47B6-A68D-7590B98EB39B}"
EndProject
Project("{FAE04EC0-301F-11D3-BF4B-00C04F79EFBC}") = "Rekall.Age.Core", "src\Rekall.Age.Core\Rekall.Age.Core.csproj", "{FB4D2154-2A30-443A-944F-C87469DAFCC8}"
EndProject
Project("{FAE04EC0-301F-11D3-BF4B-00C04F79EFBC}") = "Rekall.Age.Project", "src\Rekall.Age.Project\Rekall.Age.Project.csproj", "{D065B1C6-1B9E-4EC3-AFAE-053036AD6A03}"
EndProject
Project("{FAE04EC0-301F-11D3-BF4B-00C04F79EFBC}") = "Rekall.Age.World", "src\Rekall.Age.World\Rekall.Age.World.csproj", "{CEA9F842-CCB8-4CDF-92C3-AB8B8F813EC7}"
EndProject
Project("{FAE04EC0-301F-11D3-BF4B-00C04F79EFBC}") = "Rekall.Age.Validation", "src\Rekall.Age.Validation\Rekall.Age.Validation.csproj", "{B08FD6C0-A5D9-4D5C-8800-EF8FC83F58EB}"
EndProject
Project("{FAE04EC0-301F-11D3-BF4B-00C04F79EFBC}") = "Rekall.Age.Agent", "src\Rekall.Age.Agent\Rekall.Age.Agent.csproj", "{6E003AA5-F4A3-40F0-A502-E97675DBE4AD}"
EndProject
Project("{FAE04EC0-301F-11D3-BF4B-00C04F79EFBC}") = "Rekall.Age.Runtime", "src\Rekall.Age.Runtime\Rekall.Age.Runtime.csproj", "{85EFB980-4820-480D-A5DE-F28B673BC6E8}"
EndProject
Project("{FAE04EC0-301F-11D3-BF4B-00C04F79EFBC}") = "Rekall.Age.Rendering", "src\Rekall.Age.Rendering\Rekall.Age.Rendering.csproj", "{B99EDD10-6695-49A5-8F70-AC105F75B782}"
EndProject
Project("{FAE04EC0-301F-11D3-BF4B-00C04F79EFBC}") = "Rekall.Age.GameTemplates", "src\Rekall.Age.GameTemplates\Rekall.Age.GameTemplates.csproj", "{85283EBF-1244-48ED-BC3A-7F1088F5DC45}"
EndProject
Project("{FAE04EC0-301F-11D3-BF4B-00C04F79EFBC}") = "Rekall.Age.Cli", "src\Rekall.Age.Cli\Rekall.Age.Cli.csproj", "{888BB5B2-A391-40CB-A0C1-727D9EB82518}"
EndProject
Project("{FAE04EC0-301F-11D3-BF4B-00C04F79EFBC}") = "Rekall.Age.Mcp", "src\Rekall.Age.Mcp\Rekall.Age.Mcp.csproj", "{06E77D2B-519B-4380-8CB6-1DC1AFF3AFE8}"
EndProject
Project("{2150E333-8FDC-42A3-9474-1A3956D46DE8}") = "tests", "tests", "{0AB3BF05-4346-4AA6-1389-037BE0695223}"
EndProject
Project("{FAE04EC0-301F-11D3-BF4B-00C04F79EFBC}") = "Rekall.Age.Tests", "tests\Rekall.Age.Tests\Rekall.Age.Tests.csproj", "{D1D30EB9-73B7-444D-BEA9-32124557512D}"
EndProject
Project("{FAE04EC0-301F-11D3-BF4B-00C04F79EFBC}") = "Rekall.Age.Modules", "src\Rekall.Age.Modules\Rekall.Age.Modules.csproj", "{29AB93AE-3079-4183-BC0C-1C3F50F5CED3}"
EndProject
Project("{FAE04EC0-301F-11D3-BF4B-00C04F79EFBC}") = "Rekall.Age.Build", "src\Rekall.Age.Build\Rekall.Age.Build.csproj", "{51442018-AB6F-475C-983D-7E9486D9155B}"
EndProject
Global
	GlobalSection(SolutionConfigurationPlatforms) = preSolution
		Debug|Any CPU = Debug|Any CPU
		Debug|x64 = Debug|x64
		Debug|x86 = Debug|x86
		Release|Any CPU = Release|Any CPU
		Release|x64 = Release|x64
		Release|x86 = Release|x86
	EndGlobalSection
	GlobalSection(ProjectConfigurationPlatforms) = postSolution
		{FB4D2154-2A30-443A-944F-C87469DAFCC8}.Debug|Any CPU.ActiveCfg = Debug|Any CPU
		{FB4D2154-2A30-443A-944F-C87469DAFCC8}.Debug|Any CPU.Build.0 = Debug|Any CPU
		{FB4D2154-2A30-443A-944F-C87469DAFCC8}.Debug|x64.ActiveCfg = Debug|Any CPU
		{FB4D2154-2A30-443A-944F-C87469DAFCC8}.Debug|x64.Build.0 = Debug|Any CPU
		{FB4D2154-2A30-443A-944F-C87469DAFCC8}.Debug|x86.ActiveCfg = Debug|Any CPU
		{FB4D2154-2A30-443A-944F-C87469DAFCC8}.Debug|x86.Build.0 = Debug|Any CPU
		{FB4D2154-2A30-443A-944F-C87469DAFCC8}.Release|Any CPU.ActiveCfg = Release|Any CPU
		{FB4D2154-2A30-443A-944F-C87469DAFCC8}.Release|Any CPU.Build.0 = Release|Any CPU
		{FB4D2154-2A30-443A-944F-C87469DAFCC8}.Release|x64.ActiveCfg = Release|Any CPU
		{FB4D2154-2A30-443A-944F-C87469DAFCC8}.Release|x64.Build.0 = Release|Any CPU
		{FB4D2154-2A30-443A-944F-C87469DAFCC8}.Release|x86.ActiveCfg = Release|Any CPU
		{FB4D2154-2A30-443A-944F-C87469DAFCC8}.Release|x86.Build.0 = Release|Any CPU
		{D065B1C6-1B9E-4EC3-AFAE-053036AD6A03}.Debug|Any CPU.ActiveCfg = Debug|Any CPU
		{D065B1C6-1B9E-4EC3-AFAE-053036AD6A03}.Debug|Any CPU.Build.0 = Debug|Any CPU
		{D065B1C6-1B9E-4EC3-AFAE-053036AD6A03}.Debug|x64.ActiveCfg = Debug|Any CPU
		{D065B1C6-1B9E-4EC3-AFAE-053036AD6A03}.Debug|x64.Build.0 = Debug|Any CPU
		{D065B1C6-1B9E-4EC3-AFAE-053036AD6A03}.Debug|x86.ActiveCfg = Debug|Any CPU
		{D065B1C6-1B9E-4EC3-AFAE-053036AD6A03}.Debug|x86.Build.0 = Debug|Any CPU
		{D065B1C6-1B9E-4EC3-AFAE-053036AD6A03}.Release|Any CPU.ActiveCfg = Release|Any CPU
		{D065B1C6-1B9E-4EC3-AFAE-053036AD6A03}.Release|Any CPU.Build.0 = Release|Any CPU
		{D065B1C6-1B9E-4EC3-AFAE-053036AD6A03}.Release|x64.ActiveCfg = Release|Any CPU
		{D065B1C6-1B9E-4EC3-AFAE-053036AD6A03}.Release|x64.Build.0 = Release|Any CPU
		{D065B1C6-1B9E-4EC3-AFAE-053036AD6A03}.Release|x86.ActiveCfg = Release|Any CPU
		{D065B1C6-1B9E-4EC3-AFAE-053036AD6A03}.Release|x86.Build.0 = Release|Any CPU
		{CEA9F842-CCB8-4CDF-92C3-AB8B8F813EC7}.Debug|Any CPU.ActiveCfg = Debug|Any CPU
		{CEA9F842-CCB8-4CDF-92C3-AB8B8F813EC7}.Debug|Any CPU.Build.0 = Debug|Any CPU
		{CEA9F842-CCB8-4CDF-92C3-AB8B8F813EC7}.Debug|x64.ActiveCfg = Debug|Any CPU
		{CEA9F842-CCB8-4CDF-92C3-AB8B8F813EC7}.Debug|x64.Build.0 = Debug|Any CPU
		{CEA9F842-CCB8-4CDF-92C3-AB8B8F813EC7}.Debug|x86.ActiveCfg = Debug|Any CPU
		{CEA9F842-CCB8-4CDF-92C3-AB8B8F813EC7}.Debug|x86.Build.0 = Debug|Any CPU
		{CEA9F842-CCB8-4CDF-92C3-AB8B8F813EC7}.Release|Any CPU.ActiveCfg = Release|Any CPU
		{CEA9F842-CCB8-4CDF-92C3-AB8B8F813EC7}.Release|Any CPU.Build.0 = Release|Any CPU
		{CEA9F842-CCB8-4CDF-92C3-AB8B8F813EC7}.Release|x64.ActiveCfg = Release|Any CPU
		{CEA9F842-CCB8-4CDF-92C3-AB8B8F813EC7}.Release|x64.Build.0 = Release|Any CPU
		{CEA9F842-CCB8-4CDF-92C3-AB8B8F813EC7}.Release|x86.ActiveCfg = Release|Any CPU
		{CEA9F842-CCB8-4CDF-92C3-AB8B8F813EC7}.Release|x86.Build.0 = Release|Any CPU
		{B08FD6C0-A5D9-4D5C-8800-EF8FC83F58EB}.Debug|Any CPU.ActiveCfg = Debug|Any CPU
		{B08FD6C0-A5D9-4D5C-8800-EF8FC83F58EB}.Debug|Any CPU.Build.0 = Debug|Any CPU
		{B08FD6C0-A5D9-4D5C-8800-EF8FC83F58EB}.Debug|x64.ActiveCfg = Debug|Any CPU
		{B08FD6C0-A5D9-4D5C-8800-EF8FC83F58EB}.Debug|x64.Build.0 = Debug|Any CPU
		{B08FD6C0-A5D9-4D5C-8800-EF8FC83F58EB}.Debug|x86.ActiveCfg = Debug|Any CPU
		{B08FD6C0-A5D9-4D5C-8800-EF8FC83F58EB}.Debug|x86.Build.0 = Debug|Any CPU
		{B08FD6C0-A5D9-4D5C-8800-EF8FC83F58EB}.Release|Any CPU.ActiveCfg = Release|Any CPU
		{B08FD6C0-A5D9-4D5C-8800-EF8FC83F58EB}.Release|Any CPU.Build.0 = Release|Any CPU
		{B08FD6C0-A5D9-4D5C-8800-EF8FC83F58EB}.Release|x64.ActiveCfg = Release|Any CPU
		{B08FD6C0-A5D9-4D5C-8800-EF8FC83F58EB}.Release|x64.Build.0 = Release|Any CPU
		{B08FD6C0-A5D9-4D5C-8800-EF8FC83F58EB}.Release|x86.ActiveCfg = Release|Any CPU
		{B08FD6C0-A5D9-4D5C-8800-EF8FC83F58EB}.Release|x86.Build.0 = Release|Any CPU
		{6E003AA5-F4A3-40F0-A502-E97675DBE4AD}.Debug|Any CPU.ActiveCfg = Debug|Any CPU
		{6E003AA5-F4A3-40F0-A502-E97675DBE4AD}.Debug|Any CPU.Build.0 = Debug|Any CPU
		{6E003AA5-F4A3-40F0-A502-E97675DBE4AD}.Debug|x64.ActiveCfg = Debug|Any CPU
		{6E003AA5-F4A3-40F0-A502-E97675DBE4AD}.Debug|x64.Build.0 = Debug|Any CPU
		{6E003AA5-F4A3-40F0-A502-E97675DBE4AD}.Debug|x86.ActiveCfg = Debug|Any CPU
		{6E003AA5-F4A3-40F0-A502-E97675DBE4AD}.Debug|x86.Build.0 = Debug|Any CPU
		{6E003AA5-F4A3-40F0-A502-E97675DBE4AD}.Release|Any CPU.ActiveCfg = Release|Any CPU
		{6E003AA5-F4A3-40F0-A502-E97675DBE4AD}.Release|Any CPU.Build.0 = Release|Any CPU
		{6E003AA5-F4A3-40F0-A502-E97675DBE4AD}.Release|x64.ActiveCfg = Release|Any CPU
		{6E003AA5-F4A3-40F0-A502-E97675DBE4AD}.Release|x64.Build.0 = Release|Any CPU
		{6E003AA5-F4A3-40F0-A502-E97675DBE4AD}.Release|x86.ActiveCfg = Release|Any CPU
		{6E003AA5-F4A3-40F0-A502-E97675DBE4AD}.Release|x86.Build.0 = Release|Any CPU
		{85EFB980-4820-480D-A5DE-F28B673BC6E8}.Debug|Any CPU.ActiveCfg = Debug|Any CPU
		{85EFB980-4820-480D-A5DE-F28B673BC6E8}.Debug|Any CPU.Build.0 = Debug|Any CPU
		{85EFB980-4820-480D-A5DE-F28B673BC6E8}.Debug|x64.ActiveCfg = Debug|Any CPU
		{85EFB980-4820-480D-A5DE-F28B673BC6E8}.Debug|x64.Build.0 = Debug|Any CPU
		{85EFB980-4820-480D-A5DE-F28B673BC6E8}.Debug|x86.ActiveCfg = Debug|Any CPU
		{85EFB980-4820-480D-A5DE-F28B673BC6E8}.Debug|x86.Build.0 = Debug|Any CPU
		{85EFB980-4820-480D-A5DE-F28B673BC6E8}.Release|Any CPU.ActiveCfg = Release|Any CPU
		{85EFB980-4820-480D-A5DE-F28B673BC6E8}.Release|Any CPU.Build.0 = Release|Any CPU
		{85EFB980-4820-480D-A5DE-F28B673BC6E8}.Release|x64.ActiveCfg = Release|Any CPU
		{85EFB980-4820-480D-A5DE-F28B673BC6E8}.Release|x64.Build.0 = Release|Any CPU
		{85EFB980-4820-480D-A5DE-F28B673BC6E8}.Release|x86.ActiveCfg = Release|Any CPU
		{85EFB980-4820-480D-A5DE-F28B673BC6E8}.Release|x86.Build.0 = Release|Any CPU
		{B99EDD10-6695-49A5-8F70-AC105F75B782}.Debug|Any CPU.ActiveCfg = Debug|Any CPU
		{B99EDD10-6695-49A5-8F70-AC105F75B782}.Debug|Any CPU.Build.0 = Debug|Any CPU
		{B99EDD10-6695-49A5-8F70-AC105F75B782}.Debug|x64.ActiveCfg = Debug|Any CPU
		{B99EDD10-6695-49A5-8F70-AC105F75B782}.Debug|x64.Build.0 = Debug|Any CPU
		{B99EDD10-6695-49A5-8F70-AC105F75B782}.Debug|x86.ActiveCfg = Debug|Any CPU
		{B99EDD10-6695-49A5-8F70-AC105F75B782}.Debug|x86.Build.0 = Debug|Any CPU
		{B99EDD10-6695-49A5-8F70-AC105F75B782}.Release|Any CPU.ActiveCfg = Release|Any CPU
		{B99EDD10-6695-49A5-8F70-AC105F75B782}.Release|Any CPU.Build.0 = Release|Any CPU
		{B99EDD10-6695-49A5-8F70-AC105F75B782}.Release|x64.ActiveCfg = Release|Any CPU
		{B99EDD10-6695-49A5-8F70-AC105F75B782}.Release|x64.Build.0 = Release|Any CPU
		{B99EDD10-6695-49A5-8F70-AC105F75B782}.Release|x86.ActiveCfg = Release|Any CPU
		{B99EDD10-6695-49A5-8F70-AC105F75B782}.Release|x86.Build.0 = Release|Any CPU
		{85283EBF-1244-48ED-BC3A-7F1088F5DC45}.Debug|Any CPU.ActiveCfg = Debug|Any CPU
		{85283EBF-1244-48ED-BC3A-7F1088F5DC45}.Debug|Any CPU.Build.0 = Debug|Any CPU
		{85283EBF-1244-48ED-BC3A-7F1088F5DC45}.Debug|x64.ActiveCfg = Debug|Any CPU
		{85283EBF-1244-48ED-BC3A-7F1088F5DC45}.Debug|x64.Build.0 = Debug|Any CPU
		{85283EBF-1244-48ED-BC3A-7F1088F5DC45}.Debug|x86.ActiveCfg = Debug|Any CPU
		{85283EBF-1244-48ED-BC3A-7F1088F5DC45}.Debug|x86.Build.0 = Debug|Any CPU
		{85283EBF-1244-48ED-BC3A-7F1088F5DC45}.Release|Any CPU.ActiveCfg = Release|Any CPU
		{85283EBF-1244-48ED-BC3A-7F1088F5DC45}.Release|Any CPU.Build.0 = Release|Any CPU
		{85283EBF-1244-48ED-BC3A-7F1088F5DC45}.Release|x64.ActiveCfg = Release|Any CPU
		{85283EBF-1244-48ED-BC3A-7F1088F5DC45}.Release|x64.Build.0 = Release|Any CPU
		{85283EBF-1244-48ED-BC3A-7F1088F5DC45}.Release|x86.ActiveCfg = Release|Any CPU
		{85283EBF-1244-48ED-BC3A-7F1088F5DC45}.Release|x86.Build.0 = Release|Any CPU
		{888BB5B2-A391-40CB-A0C1-727D9EB82518}.Debug|Any CPU.ActiveCfg = Debug|Any CPU
		{888BB5B2-A391-40CB-A0C1-727D9EB82518}.Debug|Any CPU.Build.0 = Debug|Any CPU
		{888BB5B2-A391-40CB-A0C1-727D9EB82518}.Debug|x64.ActiveCfg = Debug|Any CPU
		{888BB5B2-A391-40CB-A0C1-727D9EB82518}.Debug|x64.Build.0 = Debug|Any CPU
		{888BB5B2-A391-40CB-A0C1-727D9EB82518}.Debug|x86.ActiveCfg = Debug|Any CPU
		{888BB5B2-A391-40CB-A0C1-727D9EB82518}.Debug|x86.Build.0 = Debug|Any CPU
		{888BB5B2-A391-40CB-A0C1-727D9EB82518}.Release|Any CPU.ActiveCfg = Release|Any CPU
		{888BB5B2-A391-40CB-A0C1-727D9EB82518}.Release|Any CPU.Build.0 = Release|Any CPU
		{888BB5B2-A391-40CB-A0C1-727D9EB82518}.Release|x64.ActiveCfg = Release|Any CPU
		{888BB5B2-A391-40CB-A0C1-727D9EB82518}.Release|x64.Build.0 = Release|Any CPU
		{888BB5B2-A391-40CB-A0C1-727D9EB82518}.Release|x86.ActiveCfg = Release|Any CPU
		{888BB5B2-A391-40CB-A0C1-727D9EB82518}.Release|x86.Build.0 = Release|Any CPU
		{06E77D2B-519B-4380-8CB6-1DC1AFF3AFE8}.Debug|Any CPU.ActiveCfg = Debug|Any CPU
		{06E77D2B-519B-4380-8CB6-1DC1AFF3AFE8}.Debug|Any CPU.Build.0 = Debug|Any CPU
		{06E77D2B-519B-4380-8CB6-1DC1AFF3AFE8}.Debug|x64.ActiveCfg = Debug|Any CPU
		{06E77D2B-519B-4380-8CB6-1DC1AFF3AFE8}.Debug|x64.Build.0 = Debug|Any CPU
		{06E77D2B-519B-4380-8CB6-1DC1AFF3AFE8}.Debug|x86.ActiveCfg = Debug|Any CPU
		{06E77D2B-519B-4380-8CB6-1DC1AFF3AFE8}.Debug|x86.Build.0 = Debug|Any CPU
		{06E77D2B-519B-4380-8CB6-1DC1AFF3AFE8}.Release|Any CPU.ActiveCfg = Release|Any CPU
		{06E77D2B-519B-4380-8CB6-1DC1AFF3AFE8}.Release|Any CPU.Build.0 = Release|Any CPU
		{06E77D2B-519B-4380-8CB6-1DC1AFF3AFE8}.Release|x64.ActiveCfg = Release|Any CPU
		{06E77D2B-519B-4380-8CB6-1DC1AFF3AFE8}.Release|x64.Build.0 = Release|Any CPU
		{06E77D2B-519B-4380-8CB6-1DC1AFF3AFE8}.Release|x86.ActiveCfg = Release|Any CPU
		{06E77D2B-519B-4380-8CB6-1DC1AFF3AFE8}.Release|x86.Build.0 = Release|Any CPU
		{D1D30EB9-73B7-444D-BEA9-32124557512D}.Debug|Any CPU.ActiveCfg = Debug|Any CPU
		{D1D30EB9-73B7-444D-BEA9-32124557512D}.Debug|Any CPU.Build.0 = Debug|Any CPU
		{D1D30EB9-73B7-444D-BEA9-32124557512D}.Debug|x64.ActiveCfg = Debug|Any CPU
		{D1D30EB9-73B7-444D-BEA9-32124557512D}.Debug|x64.Build.0 = Debug|Any CPU
		{D1D30EB9-73B7-444D-BEA9-32124557512D}.Debug|x86.ActiveCfg = Debug|Any CPU
		{D1D30EB9-73B7-444D-BEA9-32124557512D}.Debug|x86.Build.0 = Debug|Any CPU
		{D1D30EB9-73B7-444D-BEA9-32124557512D}.Release|Any CPU.ActiveCfg = Release|Any CPU
		{D1D30EB9-73B7-444D-BEA9-32124557512D}.Release|Any CPU.Build.0 = Release|Any CPU
		{D1D30EB9-73B7-444D-BEA9-32124557512D}.Release|x64.ActiveCfg = Release|Any CPU
		{D1D30EB9-73B7-444D-BEA9-32124557512D}.Release|x64.Build.0 = Release|Any CPU
		{D1D30EB9-73B7-444D-BEA9-32124557512D}.Release|x86.ActiveCfg = Release|Any CPU
		{D1D30EB9-73B7-444D-BEA9-32124557512D}.Release|x86.Build.0 = Release|Any CPU
		{29AB93AE-3079-4183-BC0C-1C3F50F5CED3}.Debug|Any CPU.ActiveCfg = Debug|Any CPU
		{29AB93AE-3079-4183-BC0C-1C3F50F5CED3}.Debug|Any CPU.Build.0 = Debug|Any CPU
		{29AB93AE-3079-4183-BC0C-1C3F50F5CED3}.Debug|x64.ActiveCfg = Debug|Any CPU
		{29AB93AE-3079-4183-BC0C-1C3F50F5CED3}.Debug|x64.Build.0 = Debug|Any CPU
		{29AB93AE-3079-4183-BC0C-1C3F50F5CED3}.Debug|x86.ActiveCfg = Debug|Any CPU
		{29AB93AE-3079-4183-BC0C-1C3F50F5CED3}.Debug|x86.Build.0 = Debug|Any CPU
		{29AB93AE-3079-4183-BC0C-1C3F50F5CED3}.Release|Any CPU.ActiveCfg = Release|Any CPU
		{29AB93AE-3079-4183-BC0C-1C3F50F5CED3}.Release|Any CPU.Build.0 = Release|Any CPU
		{29AB93AE-3079-4183-BC0C-1C3F50F5CED3}.Release|x64.ActiveCfg = Release|Any CPU
		{29AB93AE-3079-4183-BC0C-1C3F50F5CED3}.Release|x64.Build.0 = Release|Any CPU
		{29AB93AE-3079-4183-BC0C-1C3F50F5CED3}.Release|x86.ActiveCfg = Release|Any CPU
		{29AB93AE-3079-4183-BC0C-1C3F50F5CED3}.Release|x86.Build.0 = Release|Any CPU
		{51442018-AB6F-475C-983D-7E9486D9155B}.Debug|Any CPU.ActiveCfg = Debug|Any CPU
		{51442018-AB6F-475C-983D-7E9486D9155B}.Debug|Any CPU.Build.0 = Debug|Any CPU
		{51442018-AB6F-475C-983D-7E9486D9155B}.Debug|x64.ActiveCfg = Debug|Any CPU
		{51442018-AB6F-475C-983D-7E9486D9155B}.Debug|x64.Build.0 = Debug|Any CPU
		{51442018-AB6F-475C-983D-7E9486D9155B}.Debug|x86.ActiveCfg = Debug|Any CPU
		{51442018-AB6F-475C-983D-7E9486D9155B}.Debug|x86.Build.0 = Debug|Any CPU
		{51442018-AB6F-475C-983D-7E9486D9155B}.Release|Any CPU.ActiveCfg = Release|Any CPU
		{51442018-AB6F-475C-983D-7E9486D9155B}.Release|Any CPU.Build.0 = Release|Any CPU
		{51442018-AB6F-475C-983D-7E9486D9155B}.Release|x64.ActiveCfg = Release|Any CPU
		{51442018-AB6F-475C-983D-7E9486D9155B}.Release|x64.Build.0 = Release|Any CPU
		{51442018-AB6F-475C-983D-7E9486D9155B}.Release|x86.ActiveCfg = Release|Any CPU
		{51442018-AB6F-475C-983D-7E9486D9155B}.Release|x86.Build.0 = Release|Any CPU
	EndGlobalSection
	GlobalSection(SolutionProperties) = preSolution
		HideSolutionNode = FALSE
	EndGlobalSection
	GlobalSection(NestedProjects) = preSolution
		{FB4D2154-2A30-443A-944F-C87469DAFCC8} = {827E0CD3-B72D-47B6-A68D-7590B98EB39B}
		{D065B1C6-1B9E-4EC3-AFAE-053036AD6A03} = {827E0CD3-B72D-47B6-A68D-7590B98EB39B}
		{CEA9F842-CCB8-4CDF-92C3-AB8B8F813EC7} = {827E0CD3-B72D-47B6-A68D-7590B98EB39B}
		{B08FD6C0-A5D9-4D5C-8800-EF8FC83F58EB} = {827E0CD3-B72D-47B6-A68D-7590B98EB39B}
		{6E003AA5-F4A3-40F0-A502-E97675DBE4AD} = {827E0CD3-B72D-47B6-A68D-7590B98EB39B}
		{85EFB980-4820-480D-A5DE-F28B673BC6E8} = {827E0CD3-B72D-47B6-A68D-7590B98EB39B}
		{B99EDD10-6695-49A5-8F70-AC105F75B782} = {827E0CD3-B72D-47B6-A68D-7590B98EB39B}
		{85283EBF-1244-48ED-BC3A-7F1088F5DC45} = {827E0CD3-B72D-47B6-A68D-7590B98EB39B}
		{888BB5B2-A391-40CB-A0C1-727D9EB82518} = {827E0CD3-B72D-47B6-A68D-7590B98EB39B}
		{06E77D2B-519B-4380-8CB6-1DC1AFF3AFE8} = {827E0CD3-B72D-47B6-A68D-7590B98EB39B}
		{D1D30EB9-73B7-444D-BEA9-32124557512D} = {0AB3BF05-4346-4AA6-1389-037BE0695223}
		{29AB93AE-3079-4183-BC0C-1C3F50F5CED3} = {827E0CD3-B72D-47B6-A68D-7590B98EB39B}
		{51442018-AB6F-475C-983D-7E9486D9155B} = {827E0CD3-B72D-47B6-A68D-7590B98EB39B}
	EndGlobalSection
EndGlobal
