
Microsoft Visual Studio Solution File, Format Version 12.00
# Visual Studio Version 17
VisualStudioVersion = 17.0.31903.59
MinimumVisualStudioVersion = 10.0.40219.1
Project("{2150E333-8FDC-42A3-9474-1A3956D46DE8}") = "src", "src", "{827E0CD3-B72D-47B6-A68D-7590B98EB39B}"
EndProject
Project("{FAE04EC0-301F-11D3-BF4B-00C04F79EFBC}") = "Rekall.Age.Core", "src\Rekall.Age.Core\Rekall.Age.Core.csproj", "{FB4D2154-2A30-443A-944F-C87469DAFCC8}"
EndProject
Project("{FAE04EC0-301F-11D3-BF4B-00C04F79EFBC}") = "Rekall.Age.Project", "src\Rekall.Age.Project\Rekall.Age.Project.csproj", "{D065B1C6-1B9E-4EC3-AFAE-053036AD6A03}"
EndProject
Project("{FAE04EC0-301F-11D3-BF4B-00C04F79EFBC}") = "Rekall.Age.World", "src\Rekall.Age.World\Rekall.Age.World.csproj", "{CEA9F842-CCB8-4CDF-92C3-AB8B8F813EC7}"
EndProject
Project("{FAE04EC0-301F-11D3-BF4B-00C04F79EFBC}") = "Rekall.Age.Validation", "src\Rekall.Age.Validation\Rekall.Age.Validation.csproj", "{B08FD6C0-A5D9-4D5C-8800-EF8FC83F58EB}"
EndProject
Project("{FAE04EC0-301F-11D3-BF4B-00C04F79EFBC}") = "Rekall.Age.Agent", "src\Rekall.Age.Agent\Rekall.Age.Agent.csproj", "{6E003AA5-F4A3-40F0-A502-E97675DBE4AD}"
EndProject
Project("{FAE04EC0-301F-11D3-BF4B-00C04F79EFBC}") = "Rekall.Age.Runtime", "src\Rekall.Age.Runtime\Rekall.Age.Runtime.csproj", "{85EFB980-4820-480D-A5DE-F28B673BC6E8}"
EndProject
Project("{FAE04EC0-301F-11D3-BF4B-00C04F79EFBC}") = "Rekall.Age.Rendering", "src\Rekall.Age.Rendering\Rekall.Age.Rendering.csproj", "{B99EDD10-6695-49A5-8F70-AC105F75B782}"
EndProject
Project("{FAE04EC0-301F-11D3-BF4B-00C04F79EFBC}") = "Rekall.Age.Cli", "src\Rekall.Age.Cli\Rekall.Age.Cli.csproj", "{888BB5B2-A391-40CB-A0C1-727D9EB82518}"
EndProject
Project("{FAE04EC0-301F-11D3-BF4B-00C04F79EFBC}") = "Rekall.Age.Mcp", "src\Rekall.Age.Mcp\Rekall.Age.Mcp.csproj", "{06E77D2B-519B-4380-8CB6-1DC1AFF3AFE8}"
EndProject
Project("{2150E333-8FDC-42A3-9474-1A3956D46DE8}") = "tests", "tests", "{0AB3BF05-4346-4AA6-1389-037BE0695223}"
EndProject
Project("{FAE04EC0-301F-11D3-BF4B-00C04F79EFBC}") = "Rekall.Age.Tests", "tests\Rekall.Age.Tests\Rekall.Age.Tests.csproj", "{D1D30EB9-73B7-444D-BEA9-32124557512D}"
EndProject
Project("{FAE04EC0-301F-11D3-BF4B-00C04F79EFBC}") = "Rekall.Age.Modules", "src\Rekall.Age.Modules\Rekall.Age.Modules.csproj", "{29AB93AE-3079-4183-BC0C-1C3F50F5CED3}"
EndProject
Project("{FAE04EC0-301F-11D3-BF4B-00C04F79EFBC}") = "Rekall.Age.Build", "src\Rekall.Age.Build\Rekall.Age.Build.csproj", "{51442018-AB6F-475C-983D-7E9486D9155B}"
EndProject
Project("{FAE04EC0-301F-11D3-BF4B-00C04F79EFBC}") = "Rekall.Age.Assets", "src\Rekall.Age.Assets\Rekall.Age.Assets.csproj", "{1A26B2C5-0584-4C7B-8B88-6FD3B52AA5FD}"
EndProject
Project("{FAE04EC0-301F-11D3-BF4B-00C04F79EFBC}") = "Rekall.Age.Playback", "src\Rekall.Age.Playback\Rekall.Age.Playback.csproj", "{C2A429CF-B1A9-4C3C-9233-B0570CC17346}"
EndProject
Project("{FAE04EC0-301F-11D3-BF4B-00C04F79EFBC}") = "Rekall.Age.Player", "src\Rekall.Age.Player\Rekall.Age.Player.csproj", "{577A96D5-6828-4E0C-8D00-63897712B6D0}"
EndProject
Project("{FAE04EC0-301F-11D3-BF4B-00C04F79EFBC}") = "Rekall.Age.Editor.Contracts", "src\Rekall.Age.Editor.Contracts\Rekall.Age.Editor.Contracts.csproj", "{14D9958C-AB88-4A23-BED7-B0008BDB23A9}"
EndProject
Project("{FAE04EC0-301F-11D3-BF4B-00C04F79EFBC}") = "Rekall.Age.Editor", "src\Rekall.Age.Editor\Rekall.Age.Editor.csproj", "{6F6725A4-C165-4945-80FF-3EDFD184870E}"
EndProject
Project("{FAE04EC0-301F-11D3-BF4B-00C04F79EFBC}") = "Rekall.Age.AssetPipeline", "src\Rekall.Age.AssetPipeline\Rekall.Age.AssetPipeline.csproj", "{5D32A420-F357-44E2-AF3A-C55763D556BD}"
EndProject
Project("{FAE04EC0-301F-11D3-BF4B-00C04F79EFBC}") = "Rekall.Age.Runtime.Abstractions", "src\Rekall.Age.Runtime.Abstractions\Rekall.Age.Runtime.Abstractions.csproj", "{B36DFAB7-E3BC-49AA-A8CB-0C4BFEEFF9AE}"
EndProject
Project("{FAE04EC0-301F-11D3-BF4B-00C04F79EFBC}") = "Rekall.Age.Rendering.Abstractions", "src\Rekall.Age.Rendering.Abstractions\Rekall.Age.Rendering.Abstractions.csproj", "{C88AE0C9-F506-4817-9E3D-AB2E85EF3DFF}"
EndProject
Project("{FAE04EC0-301F-11D3-BF4B-00C04F79EFBC}") = "Rekall.Age.LevelDesign", "src\Rekall.Age.LevelDesign\Rekall.Age.LevelDesign.csproj", "{24E05F68-EA7D-4CA4-8706-F6097B8D6CFC}"
EndProject
Project("{FAE04EC0-301F-11D3-BF4B-00C04F79EFBC}") = "Rekall.Age.Studio", "src\Rekall.Age.Studio\Rekall.Age.Studio.csproj", "{B82C48FC-3170-48BF-A31C-3F3A3BD3D74A}"
EndProject
Project("{FAE04EC0-301F-11D3-BF4B-00C04F79EFBC}") = "Rekall.Age.Player.Windows", "src\Rekall.Age.Player.Windows\Rekall.Age.Player.Windows.csproj", "{CAFDD0A3-61D2-4F06-9314-0A92EB731C00}"
EndProject
Project("{FAE04EC0-301F-11D3-BF4B-00C04F79EFBC}") = "Rekall.Age.Workflows", "src\Rekall.Age.Workflows\Rekall.Age.Workflows.csproj", "{5DCE9BB8-8B06-46E6-A49A-4E2508314551}"
EndProject
Global
	GlobalSection(SolutionConfigurationPlatforms) = preSolution
		Debug|Any CPU = Debug|Any CPU
		Debug|x64 = Debug|x64
		Debug|x86 = Debug|x86
		Release|Any CPU = Release|Any CPU
		Release|x64 = Release|x64
		Release|x86 = Release|x86
	EndGlobalSection
	GlobalSection(ProjectConfigurationPlatforms) = postSolution
		{FB4D2154-2A30-443A-944F-C87469DAFCC8}.Debug|Any CPU.ActiveCfg = Debug|Any CPU
		{FB4D2154-2A30-443A-944F-C87469DAFCC8}.Debug|Any CPU.Build.0 = Debug|Any CPU
		{FB4D2154-2A30-443A-944F-C87469DAFCC8}.Debug|x64.ActiveCfg = Debug|Any CPU
		{FB4D2154-2A30-443A-944F-C87469DAFCC8}.Debug|x64.Build.0 = Debug|Any CPU
		{FB4D2154-2A30-443A-944F-C87469DAFCC8}.Debug|x86.ActiveCfg = Debug|Any CPU
		{FB4D2154-2A30-443A-944F-C87469DAFCC8}.Debug|x86.Build.0 = Debug|Any CPU
		{FB4D2154-2A30-443A-944F-C87469DAFCC8}.Release|Any CPU.ActiveCfg = Release|Any CPU
		{FB4D2154-2A30-443A-944F-C87469DAFCC8}.Release|Any CPU.Build.0 = Release|Any CPU
		{FB4D2154-2A30-443A-944F-C87469DAFCC8}.Release|x64.ActiveCfg = Release|Any CPU
		{FB4D2154-2A30-443A-944F-C87469DAFCC8}.Release|x64.Build.0 = Release|Any CPU
		{FB4D2154-2A30-443A-944F-C87469DAFCC8}.Release|x86.ActiveCfg = Release|Any CPU
		{FB4D2154-2A30-443A-944F-C87469DAFCC8}.Release|x86.Build.0 = Release|Any CPU
		{D065B1C6-1B9E-4EC3-AFAE-053036AD6A03}.Debug|Any CPU.ActiveCfg = Debug|Any CPU
		{D065B1C6-1B9E-4EC3-AFAE-053036AD6A03}.Debug|Any CPU.Build.0 = Debug|Any CPU
		{D065B1C6-1B9E-4EC3-AFAE-053036AD6A03}.Debug|x64.ActiveCfg = Debug|Any CPU
		{D065B1C6-1B9E-4EC3-AFAE-053036AD6A03}.Debug|x64.Build.0 = Debug|Any CPU
		{D065B1C6-1B9E-4EC3-AFAE-053036AD6A03}.Debug|x86.ActiveCfg = Debug|Any CPU
		{D065B1C6-1B9E-4EC3-AFAE-053036AD6A03}.Debug|x86.Build.0 = Debug|Any CPU
		{D065B1C6-1B9E-4EC3-AFAE-053036AD6A03}.Release|Any CPU.ActiveCfg = Release|Any CPU
		{D065B1C6-1B9E-4EC3-AFAE-053036AD6A03}.Release|Any CPU.Build.0 = Release|Any CPU
		{D065B1C6-1B9E-4EC3-AFAE-053036AD6A03}.Release|x64.ActiveCfg = Release|Any CPU
		{D065B1C6-1B9E-4EC3-AFAE-053036AD6A03}.Release|x64.Build.0 = Release|Any CPU
		{D065B1C6-1B9E-4EC3-AFAE-053036AD6A03}.Release|x86.ActiveCfg = Release|Any CPU
		{D065B1C6-1B9E-4EC3-AFAE-053036AD6A03}.Release|x86.Build.0 = Release|Any CPU
		{CEA9F842-CCB8-4CDF-92C3-AB8B8F813EC7}.Debug|Any CPU.ActiveCfg = Debug|Any CPU
		{CEA9F842-CCB8-4CDF-92C3-AB8B8F813EC7}.Debug|Any CPU.Build.0 = Debug|Any CPU
		{CEA9F842-CCB8-4CDF-92C3-AB8B8F813EC7}.Debug|x64.ActiveCfg = Debug|Any CPU
		{CEA9F842-CCB8-4CDF-92C3-AB8B8F813EC7}.Debug|x64.Build.0 = Debug|Any CPU
		{CEA9F842-CCB8-4CDF-92C3-AB8B8F813EC7}.Debug|x86.ActiveCfg = Debug|Any CPU
		{CEA9F842-CCB8-4CDF-92C3-AB8B8F813EC7}.Debug|x86.Build.0 = Debug|Any CPU
		{CEA9F842-CCB8-4CDF-92C3-AB8B8F813EC7}.Release|Any CPU.ActiveCfg = Release|Any CPU
		{CEA9F842-CCB8-4CDF-92C3-AB8B8F813EC7}.Release|Any CPU.Build.0 = Release|Any CPU
		{CEA9F842-CCB8-4CDF-92C3-AB8B8F813EC7}.Release|x64.ActiveCfg = Release|Any CPU
		{CEA9F842-CCB8-4CDF-92C3-AB8B8F813EC7}.Release|x64.Build.0 = Release|Any CPU
		{CEA9F842-CCB8-4CDF-92C3-AB8B8F813EC7}.Release|x86.ActiveCfg = Release|Any CPU
		{CEA9F842-CCB8-4CDF-92C3-AB8B8F813EC7}.Release|x86.Build.0 = Release|Any CPU
		{B08FD6C0-A5D9-4D5C-8800-EF8FC83F58EB}.Debug|Any CPU.ActiveCfg = Debug|Any CPU
		{B08FD6C0-A5D9-4D5C-8800-EF8FC83F58EB}.Debug|Any CPU.Build.0 = Debug|Any CPU
		{B08FD6C0-A5D9-4D5C-8800-EF8FC83F58EB}.Debug|x64.ActiveCfg = Debug|Any CPU
		{B08FD6C0-A5D9-4D5C-8800-EF8FC83F58EB}.Debug|x64.Build.0 = Debug|Any CPU
		{B08FD6C0-A5D9-4D5C-8800-EF8FC83F58EB}.Debug|x86.ActiveCfg = Debug|Any CPU
		{B08FD6C0-A5D9-4D5C-8800-EF8FC83F58EB}.Debug|x86.Build.0 = Debug|Any CPU
		{B08FD6C0-A5D9-4D5C-8800-EF8FC83F58EB}.Release|Any CPU.ActiveCfg = Release|Any CPU
		{B08FD6C0-A5D9-4D5C-8800-EF8FC83F58EB}.Release|Any CPU.Build.0 = Release|Any CPU
		{B08FD6C0-A5D9-4D5C-8800-EF8FC83F58EB}.Release|x64.ActiveCfg = Release|Any CPU
		{B08FD6C0-A5D9-4D5C-8800-EF8FC83F58EB}.Release|x64.Build.0 = Release|Any CPU
		{B08FD6C0-A5D9-4D5C-8800-EF8FC83F58EB}.Release|x86.ActiveCfg = Release|Any CPU
		{B08FD6C0-A5D9-4D5C-8800-EF8FC83F58EB}.Release|x86.Build.0 = Release|Any CPU
		{6E003AA5-F4A3-40F0-A502-E97675DBE4AD}.Debug|Any CPU.ActiveCfg = Debug|Any CPU
		{6E003AA5-F4A3-40F0-A502-E97675DBE4AD}.Debug|Any CPU.Build.0 = Debug|Any CPU
		{6E003AA5-F4A3-40F0-A502-E97675DBE4AD}.Debug|x64.ActiveCfg = Debug|Any CPU
		{6E003AA5-F4A3-40F0-A502-E97675DBE4AD}.Debug|x64.Build.0 = Debug|Any CPU
		{6E003AA5-F4A3-40F0-A502-E97675DBE4AD}.Debug|x86.ActiveCfg = Debug|Any CPU
		{6E003AA5-F4A3-40F0-A502-E97675DBE4AD}.Debug|x86.Build.0 = Debug|Any CPU
		{6E003AA5-F4A3-40F0-A502-E97675DBE4AD}.Release|Any CPU.ActiveCfg = Release|Any CPU
		{6E003AA5-F4A3-40F0-A502-E97675DBE4AD}.Release|Any CPU.Build.0 = Release|Any CPU
		{6E003AA5-F4A3-40F0-A502-E97675DBE4AD}.Release|x64.ActiveCfg = Release|Any CPU
		{6E003AA5-F4A3-40F0-A502-E97675DBE4AD}.Release|x64.Build.0 = Release|Any CPU
		{6E003AA5-F4A3-40F0-A502-E97675DBE4AD}.Release|x86.ActiveCfg = Release|Any CPU
		{6E003AA5-F4A3-40F0-A502-E97675DBE4AD}.Release|x86.Build.0 = Release|Any CPU
		{85EFB980-4820-480D-A5DE-F28B673BC6E8}.Debug|Any CPU.ActiveCfg = Debug|Any CPU
		{85EFB980-4820-480D-A5DE-F28B673BC6E8}.Debug|Any CPU.Build.0 = Debug|Any CPU
		{85EFB980-4820-480D-A5DE-F28B673BC6E8}.Debug|x64.ActiveCfg = Debug|Any CPU
		{85EFB980-4820-480D-A5DE-F28B673BC6E8}.Debug|x64.Build.0 = Debug|Any CPU
		{85EFB980-4820-480D-A5DE-F28B673BC6E8}.Debug|x86.ActiveCfg = Debug|Any CPU
		{85EFB980-4820-480D-A5DE-F28B673BC6E8}.Debug|x86.Build.0 = Debug|Any CPU
		{85EFB980-4820-480D-A5DE-F28B673BC6E8}.Release|Any CPU.ActiveCfg = Release|Any CPU
		{85EFB980-4820-480D-A5DE-F28B673BC6E8}.Release|Any CPU.Build.0 = Release|Any CPU
		{85EFB980-4820-480D-A5DE-F28B673BC6E8}.Release|x64.ActiveCfg = Release|Any CPU
		{85EFB980-4820-480D-A5DE-F28B673BC6E8}.Release|x64.Build.0 = Release|Any CPU
		{85EFB980-4820-480D-A5DE-F28B673BC6E8}.Release|x86.ActiveCfg = Release|Any CPU
		{85EFB980-4820-480D-A5DE-F28B673BC6E8}.Release|x86.Build.0 = Release|Any CPU
		{B99EDD10-6695-49A5-8F70-AC105F75B782}.Debug|Any CPU.ActiveCfg = Debug|Any CPU
		{B99EDD10-6695-49A5-8F70-AC105F75B782}.Debug|Any CPU.Build.0 = Debug|Any CPU
		{B99EDD10-6695-49A5-8F70-AC105F75B782}.Debug|x64.ActiveCfg = Debug|Any CPU
		{B99EDD10-6695-49A5-8F70-AC105F75B782}.Debug|x64.Build.0 = Debug|Any CPU
		{B99EDD10-6695-49A5-8F70-AC105F75B782}.Debug|x86.ActiveCfg = Debug|Any CPU
		{B99EDD10-6695-49A5-8F70-AC105F75B782}.Debug|x86.Build.0 = Debug|Any CPU
		{B99EDD10-6695-49A5-8F70-AC105F75B782}.Release|Any CPU.ActiveCfg = Release|Any CPU
		{B99EDD10-6695-49A5-8F70-AC105F75B782}.Release|Any CPU.Build.0 = Release|Any CPU
		{B99EDD10-6695-49A5-8F70-AC105F75B782}.Release|x64.ActiveCfg = Release|Any CPU
		{B99EDD10-6695-49A5-8F70-AC105F75B782}.Release|x64.Build.0 = Release|Any CPU
		{B99EDD10-6695-49A5-8F70-AC105F75B782}.Release|x86.ActiveCfg = Release|Any CPU
		{B99EDD10-6695-49A5-8F70-AC105F75B782}.Release|x86.Build.0 = Release|Any CPU
		{888BB5B2-A391-40CB-A0C1-727D9EB82518}.Debug|Any CPU.ActiveCfg = Debug|Any CPU
		{888BB5B2-A391-40CB-A0C1-727D9EB82518}.Debug|Any CPU.Build.0 = Debug|Any CPU
		{888BB5B2-A391-40CB-A0C1-727D9EB82518}.Debug|x64.ActiveCfg = Debug|Any CPU
		{888BB5B2-A391-40CB-A0C1-727D9EB82518}.Debug|x64.Build.0 = Debug|Any CPU
		{888BB5B2-A391-40CB-A0C1-727D9EB82518}.Debug|x86.ActiveCfg = Debug|Any CPU
		{888BB5B2-A391-40CB-A0C1-727D9EB82518}.Debug|x86.Build.0 = Debug|Any CPU
		{888BB5B2-A391-40CB-A0C1-727D9EB82518}.Release|Any CPU.ActiveCfg = Release|Any CPU
		{888BB5B2-A391-40CB-A0C1-727D9EB82518}.Release|Any CPU.Build.0 = Release|Any CPU
		{888BB5B2-A391-40CB-A0C1-727D9EB82518}.Release|x64.ActiveCfg = Release|Any CPU
		{888BB5B2-A391-40CB-A0C1-727D9EB82518}.Release|x64.Build.0 = Release|Any CPU
		{888BB5B2-A391-40CB-A0C1-727D9EB82518}.Release|x86.ActiveCfg = Release|Any CPU
		{888BB5B2-A391-40CB-A0C1-727D9EB82518}.Release|x86.Build.0 = Release|Any CPU
		{06E77D2B-519B-4380-8CB6-1DC1AFF3AFE8}.Debug|Any CPU.ActiveCfg = Debug|Any CPU
		{06E77D2B-519B-4380-8CB6-1DC1AFF3AFE8}.Debug|Any CPU.Build.0 = Debug|Any CPU
		{06E77D2B-519B-4380-8CB6-1DC1AFF3AFE8}.Debug|x64.ActiveCfg = Debug|Any CPU
		{06E77D2B-519B-4380-8CB6-1DC1AFF3AFE8}.Debug|x64.Build.0 = Debug|Any CPU
		{06E77D2B-519B-4380-8CB6-1DC1AFF3AFE8}.Debug|x86.ActiveCfg = Debug|Any CPU
		{06E77D2B-519B-4380-8CB6-1DC1AFF3AFE8}.Debug|x86.Build.0 = Debug|Any CPU
		{06E77D2B-519B-4380-8CB6-1DC1AFF3AFE8}.Release|Any CPU.ActiveCfg = Release|Any CPU
		{06E77D2B-519B-4380-8CB6-1DC1AFF3AFE8}.Release|Any CPU.Build.0 = Release|Any CPU
		{06E77D2B-519B-4380-8CB6-1DC1AFF3AFE8}.Release|x64.ActiveCfg = Release|Any CPU
		{06E77D2B-519B-4380-8CB6-1DC1AFF3AFE8}.Release|x64.Build.0 = Release|Any CPU
		{06E77D2B-519B-4380-8CB6-1DC1AFF3AFE8}.Release|x86.ActiveCfg = Release|Any CPU
		{06E77D2B-519B-4380-8CB6-1DC1AFF3AFE8}.Release|x86.Build.0 = Release|Any CPU
		{D1D30EB9-73B7-444D-BEA9-32124557512D}.Debug|Any CPU.ActiveCfg = Debug|Any CPU
		{D1D30EB9-73B7-444D-BEA9-32124557512D}.Debug|Any CPU.Build.0 = Debug|Any CPU
		{D1D30EB9-73B7-444D-BEA9-32124557512D}.Debug|x64.ActiveCfg = Debug|Any CPU
		{D1D30EB9-73B7-444D-BEA9-32124557512D}.Debug|x64.Build.0 = Debug|Any CPU
		{D1D30EB9-73B7-444D-BEA9-32124557512D}.Debug|x86.ActiveCfg = Debug|Any CPU
		{D1D30EB9-73B7-444D-BEA9-32124557512D}.Debug|x86.Build.0 = Debug|Any CPU
		{D1D30EB9-73B7-444D-BEA9-32124557512D}.Release|Any CPU.ActiveCfg = Release|Any CPU
		{D1D30EB9-73B7-444D-BEA9-32124557512D}.Release|Any CPU.Build.0 = Release|Any CPU
		{D1D30EB9-73B7-444D-BEA9-32124557512D}.Release|x64.ActiveCfg = Release|Any CPU
		{D1D30EB9-73B7-444D-BEA9-32124557512D}.Release|x64.Build.0 = Release|Any CPU
		{D1D30EB9-73B7-444D-BEA9-32124557512D}.Release|x86.ActiveCfg = Release|Any CPU
		{D1D30EB9-73B7-444D-BEA9-32124557512D}.Release|x86.Build.0 = Release|Any CPU
		{29AB93AE-3079-4183-BC0C-1C3F50F5CED3}.Debug|Any CPU.ActiveCfg = Debug|Any CPU
		{29AB93AE-3079-4183-BC0C-1C3F50F5CED3}.Debug|Any CPU.Build.0 = Debug|Any CPU
		{29AB93AE-3079-4183-BC0C-1C3F50F5CED3}.Debug|x64.ActiveCfg = Debug|Any CPU
		{29AB93AE-3079-4183-BC0C-1C3F50F5CED3}.Debug|x64.Build.0 = Debug|Any CPU
		{29AB93AE-3079-4183-BC0C-1C3F50F5CED3}.Debug|x86.ActiveCfg = Debug|Any CPU
		{29AB93AE-3079-4183-BC0C-1C3F50F5CED3}.Debug|x86.Build.0 = Debug|Any CPU
		{29AB93AE-3079-4183-BC0C-1C3F50F5CED3}.Release|Any CPU.ActiveCfg = Release|Any CPU
		{29AB93AE-3079-4183-BC0C-1C3F50F5CED3}.Release|Any CPU.Build.0 = Release|Any CPU
		{29AB93AE-3079-4183-BC0C-1C3F50F5CED3}.Release|x64.ActiveCfg = Release|Any CPU
		{29AB93AE-3079-4183-BC0C-1C3F50F5CED3}.Release|x64.Build.0 = Release|Any CPU
		{29AB93AE-3079-4183-BC0C-1C3F50F5CED3}.Release|x86.ActiveCfg = Release|Any CPU
		{29AB93AE-3079-4183-BC0C-1C3F50F5CED3}.Release|x86.Build.0 = Release|Any CPU
		{51442018-AB6F-475C-983D-7E9486D9155B}.Debug|Any CPU.ActiveCfg = Debug|Any CPU
		{51442018-AB6F-475C-983D-7E9486D9155B}.Debug|Any CPU.Build.0 = Debug|Any CPU
		{51442018-AB6F-475C-983D-7E9486D9155B}.Debug|x64.ActiveCfg = Debug|Any CPU
		{51442018-AB6F-475C-983D-7E9486D9155B}.Debug|x64.Build.0 = Debug|Any CPU
		{51442018-AB6F-475C-983D-7E9486D9155B}.Debug|x86.ActiveCfg = Debug|Any CPU
		{51442018-AB6F-475C-983D-7E9486D9155B}.Debug|x86.Build.0 = Debug|Any CPU
		{51442018-AB6F-475C-983D-7E9486D9155B}.Release|Any CPU.ActiveCfg = Release|Any CPU
		{51442018-AB6F-475C-983D-7E9486D9155B}.Release|Any CPU.Build.0 = Release|Any CPU
		{51442018-AB6F-475C-983D-7E9486D9155B}.Release|x64.ActiveCfg = Release|Any CPU
		{51442018-AB6F-475C-983D-7E9486D9155B}.Release|x64.Build.0 = Release|Any CPU
		{51442018-AB6F-475C-983D-7E9486D9155B}.Release|x86.ActiveCfg = Release|Any CPU
		{51442018-AB6F-475C-983D-7E9486D9155B}.Release|x86.Build.0 = Release|Any CPU
		{1A26B2C5-0584-4C7B-8B88-6FD3B52AA5FD}.Debug|Any CPU.ActiveCfg = Debug|Any CPU
		{1A26B2C5-0584-4C7B-8B88-6FD3B52AA5FD}.Debug|Any CPU.Build.0 = Debug|Any CPU
		{1A26B2C5-0584-4C7B-8B88-6FD3B52AA5FD}.Debug|x64.ActiveCfg = Debug|Any CPU
		{1A26B2C5-0584-4C7B-8B88-6FD3B52AA5FD}.Debug|x64.Build.0 = Debug|Any CPU
		{1A26B2C5-0584-4C7B-8B88-6FD3B52AA5FD}.Debug|x86.ActiveCfg = Debug|Any CPU
		{1A26B2C5-0584-4C7B-8B88-6FD3B52AA5FD}.Debug|x86.Build.0 = Debug|Any CPU
		{1A26B2C5-0584-4C7B-8B88-6FD3B52AA5FD}.Release|Any CPU.ActiveCfg = Release|Any CPU
		{1A26B2C5-0584-4C7B-8B88-6FD3B52AA5FD}.Release|Any CPU.Build.0 = Release|Any CPU
		{1A26B2C5-0584-4C7B-8B88-6FD3B52AA5FD}.Release|x64.ActiveCfg = Release|Any CPU
		{1A26B2C5-0584-4C7B-8B88-6FD3B52AA5FD}.Release|x64.Build.0 = Release|Any CPU
		{1A26B2C5-0584-4C7B-8B88-6FD3B52AA5FD}.Release|x86.ActiveCfg = Release|Any CPU
		{1A26B2C5-0584-4C7B-8B88-6FD3B52AA5FD}.Release|x86.Build.0 = Release|Any CPU
		{C2A429CF-B1A9-4C3C-9233-B0570CC17346}.Debug|Any CPU.ActiveCfg = Debug|Any CPU
		{C2A429CF-B1A9-4C3C-9233-B0570CC17346}.Debug|Any CPU.Build.0 = Debug|Any CPU
		{C2A429CF-B1A9-4C3C-9233-B0570CC17346}.Debug|x64.ActiveCfg = Debug|Any CPU
		{C2A429CF-B1A9-4C3C-9233-B0570CC17346}.Debug|x64.Build.0 = Debug|Any CPU
		{C2A429CF-B1A9-4C3C-9233-B0570CC17346}.Debug|x86.ActiveCfg = Debug|Any CPU
		{C2A429CF-B1A9-4C3C-9233-B0570CC17346}.Debug|x86.Build.0 = Debug|Any CPU
		{C2A429CF-B1A9-4C3C-9233-B0570CC17346}.Release|Any CPU.ActiveCfg = Release|Any CPU
		{C2A429CF-B1A9-4C3C-9233-B0570CC17346}.Release|Any CPU.Build.0 = Release|Any CPU
		{C2A429CF-B1A9-4C3C-9233-B0570CC17346}.Release|x64.ActiveCfg = Release|Any CPU
		{C2A429CF-B1A9-4C3C-9233-B0570CC17346}.Release|x64.Build.0 = Release|Any CPU
		{C2A429CF-B1A9-4C3C-9233-B0570CC17346}.Release|x86.ActiveCfg = Release|Any CPU
		{C2A429CF-B1A9-4C3C-9233-B0570CC17346}.Release|x86.Build.0 = Release|Any CPU
		{577A96D5-6828-4E0C-8D00-63897712B6D0}.Debug|Any CPU.ActiveCfg = Debug|Any CPU
		{577A96D5-6828-4E0C-8D00-63897712B6D0}.Debug|Any CPU.Build.0 = Debug|Any CPU
		{577A96D5-6828-4E0C-8D00-63897712B6D0}.Debug|x64.ActiveCfg = Debug|Any CPU
		{577A96D5-6828-4E0C-8D00-63897712B6D0}.Debug|x64.Build.0 = Debug|Any CPU
		{577A96D5-6828-4E0C-8D00-63897712B6D0}.Debug|x86.ActiveCfg = Debug|Any CPU
		{577A96D5-6828-4E0C-8D00-63897712B6D0}.Debug|x86.Build.0 = Debug|Any CPU
		{577A96D5-6828-4E0C-8D00-63897712B6D0}.Release|Any CPU.ActiveCfg = Release|Any CPU
		{577A96D5-6828-4E0C-8D00-63897712B6D0}.Release|Any CPU.Build.0 = Release|Any CPU
		{577A96D5-6828-4E0C-8D00-63897712B6D0}.Release|x64.ActiveCfg = Release|Any CPU
		{577A96D5-6828-4E0C-8D00-63897712B6D0}.Release|x64.Build.0 = Release|Any CPU
		{577A96D5-6828-4E0C-8D00-63897712B6D0}.Release|x86.ActiveCfg = Release|Any CPU
		{577A96D5-6828-4E0C-8D00-63897712B6D0}.Release|x86.Build.0 = Release|Any CPU
		{14D9958C-AB88-4A23-BED7-B0008BDB23A9}.Debug|Any CPU.ActiveCfg = Debug|Any CPU
		{14D9958C-AB88-4A23-BED7-B0008BDB23A9}.Debug|Any CPU.Build.0 = Debug|Any CPU
		{14D9958C-AB88-4A23-BED7-B0008BDB23A9}.Debug|x64.ActiveCfg = Debug|Any CPU
		{14D9958C-AB88-4A23-BED7-B0008BDB23A9}.Debug|x64.Build.0 = Debug|Any CPU
		{14D9958C-AB88-4A23-BED7-B0008BDB23A9}.Debug|x86.ActiveCfg = Debug|Any CPU
		{14D9958C-AB88-4A23-BED7-B0008BDB23A9}.Debug|x86.Build.0 = Debug|Any CPU
		{14D9958C-AB88-4A23-BED7-B0008BDB23A9}.Release|Any CPU.ActiveCfg = Release|Any CPU
		{14D9958C-AB88-4A23-BED7-B0008BDB23A9}.Release|Any CPU.Build.0 = Release|Any CPU
		{14D9958C-AB88-4A23-BED7-B0008BDB23A9}.Release|x64.ActiveCfg = Release|Any CPU
		{14D9958C-AB88-4A23-BED7-B0008BDB23A9}.Release|x64.Build.0 = Release|Any CPU
		{14D9958C-AB88-4A23-BED7-B0008BDB23A9}.Release|x86.ActiveCfg = Release|Any CPU
		{14D9958C-AB88-4A23-BED7-B0008BDB23A9}.Release|x86.Build.0 = Release|Any CPU
		{6F6725A4-C165-4945-80FF-3EDFD184870E}.Debug|Any CPU.ActiveCfg = Debug|Any CPU
		{6F6725A4-C165-4945-80FF-3EDFD184870E}.Debug|Any CPU.Build.0 = Debug|Any CPU
		{6F6725A4-C165-4945-80FF-3EDFD184870E}.Debug|x64.ActiveCfg = Debug|Any CPU
		{6F6725A4-C165-4945-80FF-3EDFD184870E}.Debug|x64.Build.0 = Debug|Any CPU
		{6F6725A4-C165-4945-80FF-3EDFD184870E}.Debug|x86.ActiveCfg = Debug|Any CPU
		{6F6725A4-C165-4945-80FF-3EDFD184870E}.Debug|x86.Build.0 = Debug|Any CPU
		{6F6725A4-C165-4945-80FF-3EDFD184870E}.Release|Any CPU.ActiveCfg = Release|Any CPU
		{6F6725A4-C165-4945-80FF-3EDFD184870E}.Release|Any CPU.Build.0 = Release|Any CPU
		{6F6725A4-C165-4945-80FF-3EDFD184870E}.Release|x64.ActiveCfg = Release|Any CPU
		{6F6725A4-C165-4945-80FF-3EDFD184870E}.Release|x64.Build.0 = Release|Any CPU
		{6F6725A4-C165-4945-80FF-3EDFD184870E}.Release|x86.ActiveCfg = Release|Any CPU
		{6F6725A4-C165-4945-80FF-3EDFD184870E}.Release|x86.Build.0 = Release|Any CPU
		{5D32A420-F357-44E2-AF3A-C55763D556BD}.Debug|Any CPU.ActiveCfg = Debug|Any CPU
		{5D32A420-F357-44E2-AF3A-C55763D556BD}.Debug|Any CPU.Build.0 = Debug|Any CPU
		{5D32A420-F357-44E2-AF3A-C55763D556BD}.Debug|x64.ActiveCfg = Debug|Any CPU
		{5D32A420-F357-44E2-AF3A-C55763D556BD}.Debug|x64.Build.0 = Debug|Any CPU
		{5D32A420-F357-44E2-AF3A-C55763D556BD}.Debug|x86.ActiveCfg = Debug|Any CPU
		{5D32A420-F357-44E2-AF3A-C55763D556BD}.Debug|x86.Build.0 = Debug|Any CPU
		{5D32A420-F357-44E2-AF3A-C55763D556BD}.Release|Any CPU.ActiveCfg = Release|Any CPU
		{5D32A420-F357-44E2-AF3A-C55763D556BD}.Release|Any CPU.Build.0 = Release|Any CPU
		{5D32A420-F357-44E2-AF3A-C55763D556BD}.Release|x64.ActiveCfg = Release|Any CPU
		{5D32A420-F357-44E2-AF3A-C55763D556BD}.Release|x64.Build.0 = Release|Any CPU
		{5D32A420-F357-44E2-AF3A-C55763D556BD}.Release|x86.ActiveCfg = Release|Any CPU
		{5D32A420-F357-44E2-AF3A-C55763D556BD}.Release|x86.Build.0 = Release|Any CPU
		{B36DFAB7-E3BC-49AA-A8CB-0C4BFEEFF9AE}.Debug|Any CPU.ActiveCfg = Debug|Any CPU
		{B36DFAB7-E3BC-49AA-A8CB-0C4BFEEFF9AE}.Debug|Any CPU.Build.0 = Debug|Any CPU
		{B36DFAB7-E3BC-49AA-A8CB-0C4BFEEFF9AE}.Debug|x64.ActiveCfg = Debug|Any CPU
		{B36DFAB7-E3BC-49AA-A8CB-0C4BFEEFF9AE}.Debug|x64.Build.0 = Debug|Any CPU
		{B36DFAB7-E3BC-49AA-A8CB-0C4BFEEFF9AE}.Debug|x86.ActiveCfg = Debug|Any CPU
		{B36DFAB7-E3BC-49AA-A8CB-0C4BFEEFF9AE}.Debug|x86.Build.0 = Debug|Any CPU
		{B36DFAB7-E3BC-49AA-A8CB-0C4BFEEFF9AE}.Release|Any CPU.ActiveCfg = Release|Any CPU
		{B36DFAB7-E3BC-49AA-A8CB-0C4BFEEFF9AE}.Release|Any CPU.Build.0 = Release|Any CPU
		{B36DFAB7-E3BC-49AA-A8CB-0C4BFEEFF9AE}.Release|x64.ActiveCfg = Release|Any CPU
		{B36DFAB7-E3BC-49AA-A8CB-0C4BFEEFF9AE}.Release|x64.Build.0 = Release|Any CPU
		{B36DFAB7-E3BC-49AA-A8CB-0C4BFEEFF9AE}.Release|x86.ActiveCfg = Release|Any CPU
		{B36DFAB7-E3BC-49AA-A8CB-0C4BFEEFF9AE}.Release|x86.Build.0 = Release|Any CPU
		{C88AE0C9-F506-4817-9E3D-AB2E85EF3DFF}.Debug|Any CPU.ActiveCfg = Debug|Any CPU
		{C88AE0C9-F506-4817-9E3D-AB2E85EF3DFF}.Debug|Any CPU.Build.0 = Debug|Any CPU
		{C88AE0C9-F506-4817-9E3D-AB2E85EF3DFF}.Debug|x64.ActiveCfg = Debug|Any CPU
		{C88AE0C9-F506-4817-9E3D-AB2E85EF3DFF}.Debug|x64.Build.0 = Debug|Any CPU
		{C88AE0C9-F506-4817-9E3D-AB2E85EF3DFF}.Debug|x86.ActiveCfg = Debug|Any CPU
		{C88AE0C9-F506-4817-9E3D-AB2E85EF3DFF}.Debug|x86.Build.0 = Debug|Any CPU
		{C88AE0C9-F506-4817-9E3D-AB2E85EF3DFF}.Release|Any CPU.ActiveCfg = Release|Any CPU
		{C88AE0C9-F506-4817-9E3D-AB2E85EF3DFF}.Release|Any CPU.Build.0 = Release|Any CPU
		{C88AE0C9-F506-4817-9E3D-AB2E85EF3DFF}.Release|x64.ActiveCfg = Release|Any CPU
		{C88AE0C9-F506-4817-9E3D-AB2E85EF3DFF}.Release|x64.Build.0 = Release|Any CPU
		{C88AE0C9-F506-4817-9E3D-AB2E85EF3DFF}.Release|x86.ActiveCfg = Release|Any CPU
		{C88AE0C9-F506-4817-9E3D-AB2E85EF3DFF}.Release|x86.Build.0 = Release|Any CPU
		{24E05F68-EA7D-4CA4-8706-F6097B8D6CFC}.Debug|Any CPU.ActiveCfg = Debug|Any CPU
		{24E05F68-EA7D-4CA4-8706-F6097B8D6CFC}.Debug|Any CPU.Build.0 = Debug|Any CPU
		{24E05F68-EA7D-4CA4-8706-F6097B8D6CFC}.Debug|x64.ActiveCfg = Debug|Any CPU
		{24E05F68-EA7D-4CA4-8706-F6097B8D6CFC}.Debug|x64.Build.0 = Debug|Any CPU
		{24E05F68-EA7D-4CA4-8706-F6097B8D6CFC}.Debug|x86.ActiveCfg = Debug|Any CPU
		{24E05F68-EA7D-4CA4-8706-F6097B8D6CFC}.Debug|x86.Build.0 = Debug|Any CPU
		{24E05F68-EA7D-4CA4-8706-F6097B8D6CFC}.Release|Any CPU.ActiveCfg = Release|Any CPU
		{24E05F68-EA7D-4CA4-8706-F6097B8D6CFC}.Release|Any CPU.Build.0 = Release|Any CPU
		{24E05F68-EA7D-4CA4-8706-F6097B8D6CFC}.Release|x64.ActiveCfg = Release|Any CPU
		{24E05F68-EA7D-4CA4-8706-F6097B8D6CFC}.Release|x64.Build.0 = Release|Any CPU
		{24E05F68-EA7D-4CA4-8706-F6097B8D6CFC}.Release|x86.ActiveCfg = Release|Any CPU
		{24E05F68-EA7D-4CA4-8706-F6097B8D6CFC}.Release|x86.Build.0 = Release|Any CPU
		{B82C48FC-3170-48BF-A31C-3F3A3BD3D74A}.Debug|Any CPU.ActiveCfg = Debug|Any CPU
		{B82C48FC-3170-48BF-A31C-3F3A3BD3D74A}.Debug|Any CPU.Build.0 = Debug|Any CPU
		{B82C48FC-3170-48BF-A31C-3F3A3BD3D74A}.Debug|x64.ActiveCfg = Debug|Any CPU
		{B82C48FC-3170-48BF-A31C-3F3A3BD3D74A}.Debug|x64.Build.0 = Debug|Any CPU
		{B82C48FC-3170-48BF-A31C-3F3A3BD3D74A}.Debug|x86.ActiveCfg = Debug|Any CPU
		{B82C48FC-3170-48BF-A31C-3F3A3BD3D74A}.Debug|x86.Build.0 = Debug|Any CPU
		{B82C48FC-3170-48BF-A31C-3F3A3BD3D74A}.Release|Any CPU.ActiveCfg = Release|Any CPU
		{B82C48FC-3170-48BF-A31C-3F3A3BD3D74A}.Release|Any CPU.Build.0 = Release|Any CPU
		{B82C48FC-3170-48BF-A31C-3F3A3BD3D74A}.Release|x64.ActiveCfg = Release|Any CPU
		{B82C48FC-3170-48BF-A31C-3F3A3BD3D74A}.Release|x64.Build.0 = Release|Any CPU
		{B82C48FC-3170-48BF-A31C-3F3A3BD3D74A}.Release|x86.ActiveCfg = Release|Any CPU
		{B82C48FC-3170-48BF-A31C-3F3A3BD3D74A}.Release|x86.Build.0 = Release|Any CPU
		{CAFDD0A3-61D2-4F06-9314-0A92EB731C00}.Debug|Any CPU.ActiveCfg = Debug|Any CPU
		{CAFDD0A3-61D2-4F06-9314-0A92EB731C00}.Debug|Any CPU.Build.0 = Debug|Any CPU
		{CAFDD0A3-61D2-4F06-9314-0A92EB731C00}.Debug|x64.ActiveCfg = Debug|Any CPU
		{CAFDD0A3-61D2-4F06-9314-0A92EB731C00}.Debug|x64.Build.0 = Debug|Any CPU
		{CAFDD0A3-61D2-4F06-9314-0A92EB731C00}.Debug|x86.ActiveCfg = Debug|Any CPU
		{CAFDD0A3-61D2-4F06-9314-0A92EB731C00}.Debug|x86.Build.0 = Debug|Any CPU
		{CAFDD0A3-61D2-4F06-9314-0A92EB731C00}.Release|Any CPU.ActiveCfg = Release|Any CPU
		{CAFDD0A3-61D2-4F06-9314-0A92EB731C00}.Release|Any CPU.Build.0 = Release|Any CPU
		{CAFDD0A3-61D2-4F06-9314-0A92EB731C00}.Release|x64.ActiveCfg = Release|Any CPU
		{CAFDD0A3-61D2-4F06-9314-0A92EB731C00}.Release|x64.Build.0 = Release|Any CPU
		{CAFDD0A3-61D2-4F06-9314-0A92EB731C00}.Release|x86.ActiveCfg = Release|Any CPU
		{CAFDD0A3-61D2-4F06-9314-0A92EB731C00}.Release|x86.Build.0 = Release|Any CPU
		{5DCE9BB8-8B06-46E6-A49A-4E2508314551}.Debug|Any CPU.ActiveCfg = Debug|Any CPU
		{5DCE9BB8-8B06-46E6-A49A-4E2508314551}.Debug|Any CPU.Build.0 = Debug|Any CPU
		{5DCE9BB8-8B06-46E6-A49A-4E2508314551}.Debug|x64.ActiveCfg = Debug|Any CPU
		{5DCE9BB8-8B06-46E6-A49A-4E2508314551}.Debug|x64.Build.0 = Debug|Any CPU
		{5DCE9BB8-8B06-46E6-A49A-4E2508314551}.Debug|x86.ActiveCfg = Debug|Any CPU
		{5DCE9BB8-8B06-46E6-A49A-4E2508314551}.Debug|x86.Build.0 = Debug|Any CPU
		{5DCE9BB8-8B06-46E6-A49A-4E2508314551}.Release|Any CPU.ActiveCfg = Release|Any CPU
		{5DCE9BB8-8B06-46E6-A49A-4E2508314551}.Release|Any CPU.Build.0 = Release|Any CPU
		{5DCE9BB8-8B06-46E6-A49A-4E2508314551}.Release|x64.ActiveCfg = Release|Any CPU
		{5DCE9BB8-8B06-46E6-A49A-4E2508314551}.Release|x64.Build.0 = Release|Any CPU
		{5DCE9BB8-8B06-46E6-A49A-4E2508314551}.Release|x86.ActiveCfg = Release|Any CPU
		{5DCE9BB8-8B06-46E6-A49A-4E2508314551}.Release|x86.Build.0 = Release|Any CPU
	EndGlobalSection
	GlobalSection(SolutionProperties) = preSolution
		HideSolutionNode = FALSE
	EndGlobalSection
	GlobalSection(NestedProjects) = preSolution
		{FB4D2154-2A30-443A-944F-C87469DAFCC8} = {827E0CD3-B72D-47B6-A68D-7590B98EB39B}
		{D065B1C6-1B9E-4EC3-AFAE-053036AD6A03} = {827E0CD3-B72D-47B6-A68D-7590B98EB39B}
		{CEA9F842-CCB8-4CDF-92C3-AB8B8F813EC7} = {827E0CD3-B72D-47B6-A68D-7590B98EB39B}
		{B08FD6C0-A5D9-4D5C-8800-EF8FC83F58EB} = {827E0CD3-B72D-47B6-A68D-7590B98EB39B}
		{6E003AA5-F4A3-40F0-A502-E97675DBE4AD} = {827E0CD3-B72D-47B6-A68D-7590B98EB39B}
		{85EFB980-4820-480D-A5DE-F28B673BC6E8} = {827E0CD3-B72D-47B6-A68D-7590B98EB39B}
		{B99EDD10-6695-49A5-8F70-AC105F75B782} = {827E0CD3-B72D-47B6-A68D-7590B98EB39B}
		{888BB5B2-A391-40CB-A0C1-727D9EB82518} = {827E0CD3-B72D-47B6-A68D-7590B98EB39B}
		{06E77D2B-519B-4380-8CB6-1DC1AFF3AFE8} = {827E0CD3-B72D-47B6-A68D-7590B98EB39B}
		{D1D30EB9-73B7-444D-BEA9-32124557512D} = {0AB3BF05-4346-4AA6-1389-037BE0695223}
		{29AB93AE-3079-4183-BC0C-1C3F50F5CED3} = {827E0CD3-B72D-47B6-A68D-7590B98EB39B}
		{51442018-AB6F-475C-983D-7E9486D9155B} = {827E0CD3-B72D-47B6-A68D-7590B98EB39B}
		{1A26B2C5-0584-4C7B-8B88-6FD3B52AA5FD} = {827E0CD3-B72D-47B6-A68D-7590B98EB39B}
		{C2A429CF-B1A9-4C3C-9233-B0570CC17346} = {827E0CD3-B72D-47B6-A68D-7590B98EB39B}
		{577A96D5-6828-4E0C-8D00-63897712B6D0} = {827E0CD3-B72D-47B6-A68D-7590B98EB39B}
		{14D9958C-AB88-4A23-BED7-B0008BDB23A9} = {827E0CD3-B72D-47B6-A68D-7590B98EB39B}
		{6F6725A4-C165-4945-80FF-3EDFD184870E} = {827E0CD3-B72D-47B6-A68D-7590B98EB39B}
		{5D32A420-F357-44E2-AF3A-C55763D556BD} = {827E0CD3-B72D-47B6-A68D-7590B98EB39B}
		{B36DFAB7-E3BC-49AA-A8CB-0C4BFEEFF9AE} = {827E0CD3-B72D-47B6-A68D-7590B98EB39B}
		{C88AE0C9-F506-4817-9E3D-AB2E85EF3DFF} = {827E0CD3-B72D-47B6-A68D-7590B98EB39B}
		{24E05F68-EA7D-4CA4-8706-F6097B8D6CFC} = {827E0CD3-B72D-47B6-A68D-7590B98EB39B}
		{B82C48FC-3170-48BF-A31C-3F3A3BD3D74A} = {827E0CD3-B72D-47B6-A68D-7590B98EB39B}
		{CAFDD0A3-61D2-4F06-9314-0A92EB731C00} = {827E0CD3-B72D-47B6-A68D-7590B98EB39B}
		{5DCE9BB8-8B06-46E6-A49A-4E2508314551} = {827E0CD3-B72D-47B6-A68D-7590B98EB39B}
	EndGlobalSection
EndGlobal
