{
  "version": 1,
  "dependencies": {
    "net10.0": {
      "SamuelRe.CSG.Sharp": {
        "type": "Direct",
        "requested": "[1.0.0, )",
        "resolved": "1.0.0",
        "contentHash": "O08bJk78p96Nomx3BOctu6Du65lNbYfsow/rWAmD0fa1UqcECK4IV7JPcUPL3CdRodECOuoyq5V0PKkRi+/94w=="
      },
      "rekall.age.core": {
        "type": "Project"
      },
      "rekall.age.modeling.contracts": {
        "type": "Project"
      }
    },
    "net10.0/win-x64": {}
  }
}